
Microsoft Visual Studio Solution File, Format Version 12.00
# Visual Studio Version 17
VisualStudioVersion = 17.4.33122.133
MinimumVisualStudioVersion = 10.0.40219.1
Project("{9A19103F-16F7-4668-BE54-9A1E7A4F7556}") = "PythonNetWindow", "PythonNet\PythonNetWindow.csproj", "{77034C50-F36F-4811-99B2-BAA92CDD52DD}"
	ProjectSection(ProjectDependencies) = postProject
		{073D7FFE-9073-4CBC-81C4-77E019EB9384} = {073D7FFE-9073-4CBC-81C4-77E019EB9384}
	EndProjectSection
EndProject
Project("{9A19103F-16F7-4668-BE54-9A1E7A4F7556}") = "PythonNetLib", "PythonNetLib\PythonNetLib.csproj", "{073D7FFE-9073-4CBC-81C4-77E019EB9384}"
EndProject
Project("{FAE04EC0-301F-11D3-BF4B-00C04F79EFBC}") = "TestProject1", "TestProject1\TestProject1.csproj", "{63932347-1F68-4B89-96B7-9047714BCC60}"
	ProjectSection(ProjectDependencies) = postProject
		{073D7FFE-9073-4CBC-81C4-77E019EB9384} = {073D7FFE-9073-4CBC-81C4-77E019EB9384}
	EndProjectSection
EndProject
Global
	GlobalSection(SolutionConfigurationPlatforms) = preSolution
		Debug|Any CPU = Debug|Any CPU
		Release|Any CPU = Release|Any CPU
	EndGlobalSection
	GlobalSection(ProjectConfigurationPlatforms) = postSolution
		{77034C50-F36F-4811-99B2-BAA92CDD52DD}.Debug|Any CPU.ActiveCfg = Debug|Any CPU
		{77034C50-F36F-4811-99B2-BAA92CDD52DD}.Debug|Any CPU.Build.0 = Debug|Any CPU
		{77034C50-F36F-4811-99B2-BAA92CDD52DD}.Release|Any CPU.ActiveCfg = Release|Any CPU
		{77034C50-F36F-4811-99B2-BAA92CDD52DD}.Release|Any CPU.Build.0 = Release|Any CPU
		{073D7FFE-9073-4CBC-81C4-77E019EB9384}.Debug|Any CPU.ActiveCfg = Debug|Any CPU
		{073D7FFE-9073-4CBC-81C4-77E019EB9384}.Debug|Any CPU.Build.0 = Debug|Any CPU
		{073D7FFE-9073-4CBC-81C4-77E019EB9384}.Release|Any CPU.ActiveCfg = Release|Any CPU
		{073D7FFE-9073-4CBC-81C4-77E019EB9384}.Release|Any CPU.Build.0 = Release|Any CPU
		{63932347-1F68-4B89-96B7-9047714BCC60}.Debug|Any CPU.ActiveCfg = Debug|Any CPU
		{63932347-1F68-4B89-96B7-9047714BCC60}.Debug|Any CPU.Build.0 = Debug|Any CPU
		{63932347-1F68-4B89-96B7-9047714BCC60}.Release|Any CPU.ActiveCfg = Release|Any CPU
		{63932347-1F68-4B89-96B7-9047714BCC60}.Release|Any CPU.Build.0 = Release|Any CPU
	EndGlobalSection
	GlobalSection(SolutionProperties) = preSolution
		HideSolutionNode = FALSE
	EndGlobalSection
	GlobalSection(ExtensibilityGlobals) = postSolution
		SolutionGuid = {AFDC2A3B-BB50-444A-BB7D-3B803F555B09}
	EndGlobalSection
EndGlobal
